github.com/aws/aws-sdk-go v1.21.9-0.20190730182330-3280460bf5b1 h1:GbdP5Crygn5gt7XBefpqyRU7awRI0u0m8WmNQMWt6wo=
github.com/aws/aws-sdk-go v1.21.9-0.20190730182330-3280460bf5b1/go.mod h1:KmX6BPdI08NWTb3/sm4ZGu5ShLoqVDhKgpiN924inxo=
github.com/bradfitz/gomemcache v0.0.0-20190329173943-551aad21a668/go.mod h1:H0wQNHz2YrLsuXOZozoeDmnHXkNCRmMW0gwFWDfEZDA=
github.com/gorilla/mux v1.7.4-0.20190720201435-e67b3c02c719 h1:zQ+2G/ywb753CxKkvvZ0O6uu/fk5HRm21wdcVEq1U6E=
github.com/gorilla/mux v1.7.4-0.20190720201435-e67b3c02c719/go.mod h1:DVbg23sWSpFRCP0SfiEN6jmj59UnW/n46BH5rLB71So=
github.com/jmespath/go-jmespath v0.0.0-20180206201540-c2b33e8439af/go.mod h1:Nht3zPeWKUH0NzdCt2Blrr5ys8VGpn0CEB0cQHVjt7k=
github.com/satori/go.uuid v1.2.1-0.20181028125025-b2ce2384e17b/go.mod h1:dA0hQrYB0VpLJoorglMZABFdXlWrHn1NEOzdhQKdks0=
github.com/xeipuuv/gojsonpointer v0.0.0-20180127040702-4e3ac2762d5f/go.mod h1:N2zxlSyiKSe5eX1tZViRH5QA0qijqEDrYZiPEAiq3wU=
github.com/xeipuuv/gojsonreference v0.0.0-20180127040603-bd5ef7bd5415/go.mod h1:GwrjFmJcFw6At/Gs6z4yjiIwzuJ1/+UwLxMQDVQXShQ=
github.com/xeipuuv/gojsonschema v1.1.1-0.20190626083556-16a6735db808/go.mod h1:5yf86TLmAcydyeJq5YvxkGPE2fm/u4myDekKRoLuqhs=
gocv.io/x/gocv v0.20.1-0.20190523124021-a0e3403cfa57 h1:bV7nCos4PjI1h1SLKNDjV1ZdKvp74fUivYRXen7KMgc=
gocv.io/x/gocv v0.20.1-0.20190523124021-a0e3403cfa57/go.mod h1:vZETJRwLnl11muQ6iL3q4ju+0oJRrdmYdv5xJTH7WYA=
